
Microsoft Visual Studio Solution File, Format Version 12.00
# Visual Studio Version 16
VisualStudioVersion = 16.0.33529.622
MinimumVisualStudioVersion = 10.0.40219.1
Project("{FAE04EC0-301F-11D3-BF4B-00C04F79EFBC}") = "Arrange", "Arrange.csproj", "{F2A15E6E-5187-4A5B-9ADB-D288BF847217}"
EndProject
Global
	GlobalSection(SolutionConfigurationPlatforms) = preSolution
		Debug|Any CPU = Debug|Any CPU
		Release|Any CPU = Release|Any CPU
	EndGlobalSection
	GlobalSection(ProjectConfigurationPlatforms) = postSolution
		{F2A15E6E-5187-4A5B-9ADB-D288BF847217}.Debug|Any CPU.ActiveCfg = Debug|Any CPU
		{F2A15E6E-5187-4A5B-9ADB-D288BF847217}.Debug|Any CPU.Build.0 = Debug|Any CPU
		{F2A15E6E-5187-4A5B-9ADB-D288BF847217}.Release|Any CPU.ActiveCfg = Release|Any CPU
		{F2A15E6E-5187-4A5B-9ADB-D288BF847217}.Release|Any CPU.Build.0 = Release|Any CPU
	EndGlobalSection
	GlobalSection(SolutionProperties) = preSolution
		HideSolutionNode = FALSE
	EndGlobalSection
	GlobalSection(ExtensibilityGlobals) = postSolution
		SolutionGuid = {4CA1C5CE-23B0-4375-A7BE-ABD803086CA1}
	EndGlobalSection
EndGlobal
